
Microsoft Visual Studio Solution File, Format Version 12.00
# Visual Studio Version 16
VisualStudioVersion = 16.0.31829.152
MinimumVisualStudioVersion = 10.0.40219.1
Project("{FAE04EC0-301F-11D3-BF4B-00C04F79EFBC}") = "MCD_MSSQLCRUDIslemleri", "MCD_MSSQLCRUDIslemleri\MCD_MSSQLCRUDIslemleri.csproj", "{2AAE8C08-58C6-4424-98B4-288725A34F6C}"
EndProject
Global
	GlobalSection(SolutionConfigurationPlatforms) = preSolution
		Debug|Any CPU = Debug|Any CPU
		Release|Any CPU = Release|Any CPU
	EndGlobalSection
	GlobalSection(ProjectConfigurationPlatforms) = postSolution
		{2AAE8C08-58C6-4424-98B4-288725A34F6C}.Debug|Any CPU.ActiveCfg = Debug|Any CPU
		{2AAE8C08-58C6-4424-98B4-288725A34F6C}.Debug|Any CPU.Build.0 = Debug|Any CPU
		{2AAE8C08-58C6-4424-98B4-288725A34F6C}.Release|Any CPU.ActiveCfg = Release|Any CPU
		{2AAE8C08-58C6-4424-98B4-288725A34F6C}.Release|Any CPU.Build.0 = Release|Any CPU
	EndGlobalSection
	GlobalSection(SolutionProperties) = preSolution
		HideSolutionNode = FALSE
	EndGlobalSection
	GlobalSection(ExtensibilityGlobals) = postSolution
		SolutionGuid = {C821E84E-238E-4C01-86A9-F1D4E2F6F1FC}
	EndGlobalSection
EndGlobal
